// !$*UTF8*$!
{
	archiveVersion = 1;
	classes = {
	};
	objectVersion = 50;
	objects = {

/* Begin PBXBuildFile section */
		D02FD6D82468B42600877C67 /* AppDelegate.swift in Sources */ = {isa = PBXBuildFile; fileRef = D02FD6D72468B42600877C67 /* AppDelegate.swift */; };
		D02FD6DA2468B42600877C67 /* SceneDelegate.swift in Sources */ = {isa = PBXBuildFile; fileRef = D02FD6D92468B42600877C67 /* SceneDelegate.swift */; };
		D02FD6DC2468B42600877C67 /* MemeEditorViewController.swift in Sources */ = {isa = PBXBuildFile; fileRef = D02FD6DB2468B42600877C67 /* MemeEditorViewController.swift */; };
		D02FD6DF2468B42600877C67 /* Main.storyboard in Resources */ = {isa = PBXBuildFile; fileRef = D02FD6DD2468B42600877C67 /* Main.storyboard */; };
		D02FD6E12468B42800877C67 /* Assets.xcassets in Resources */ = {isa = PBXBuildFile; fileRef = D02FD6E02468B42800877C67 /* Assets.xcassets */; };
		D02FD6E42468B42800877C67 /* LaunchScreen.storyboard in Resources */ = {isa = PBXBuildFile; fileRef = D02FD6E22468B42800877C67 /* LaunchScreen.storyboard */; };
		D02FD6EE2469FE0800877C67 /* Meme.swift in Sources */ = {isa = PBXBuildFile; fileRef = D02FD6ED2469FE0800877C67 /* Meme.swift */; };
		D07088FE246DFDAB0026C8F7 /* MemeTableViewController.swift in Sources */ = {isa = PBXBuildFile; fileRef = D07088FD246DFDAB0026C8F7 /* MemeTableViewController.swift */; };
		D0708900246E028C0026C8F7 /* MemeTableViewCell.swift in Sources */ = {isa = PBXBuildFile; fileRef = D07088FF246E028C0026C8F7 /* MemeTableViewCell.swift */; };
		D0FE9819246F276B00736E49 /* MemeCollectionViewController.swift in Sources */ = {isa = PBXBuildFile; fileRef = D0FE9818246F276B00736E49 /* MemeCollectionViewController.swift */; };
		D0FE981B246F278F00736E49 /* MemeCollectionViewCell.swift in Sources */ = {isa = PBXBuildFile; fileRef = D0FE981A246F278F00736E49 /* MemeCollectionViewCell.swift */; };
		D0FE981F24706B0A00736E49 /* DetailsViewController.swift in Sources */ = {isa = PBXBuildFile; fileRef = D0FE981E24706B0A00736E49 /* DetailsViewController.swift */; };
/* End PBXBuildFile section */

/* Begin PBXFileReference section */
		D02FD6D42468B42600877C67 /* MemeMe.app */ = {isa = PBXFileReference; explicitFileType = wrapper.application; includeInIndex = 0; path = MemeMe.app; sourceTree = BUILT_PRODUCTS_DIR; };
		D02FD6D72468B42600877C67 /* AppDelegate.swift */ = {isa = PBXFileReference; lastKnownFileType = sourcecode.swift; path = AppDelegate.swift; sourceTree = "<group>"; };
		D02FD6D92468B42600877C67 /* SceneDelegate.swift */ = {isa = PBXFileReference; lastKnownFileType = sourcecode.swift; path = SceneDelegate.swift; sourceTree = "<group>"; };
		D02FD6DB2468B42600877C67 /* MemeEditorViewController.swift */ = {isa = PBXFileReference; lastKnownFileType = sourcecode.swift; path = MemeEditorViewController.swift; sourceTree = "<group>"; };
		D02FD6DE2468B42600877C67 /* Base */ = {isa = PBXFileReference; lastKnownFileType = file.storyboard; name = Base; path = Base.lproj/Main.storyboard; sourceTree = "<group>"; };
		D02FD6E02468B42800877C67 /* Assets.xcassets */ = {isa = PBXFileReference; lastKnownFileType = folder.assetcatalog; path = Assets.xcassets; sourceTree = "<group>"; };
		D02FD6E32468B42800877C67 /* Base */ = {isa = PBXFileReference; lastKnownFileType = file.storyboard; name = Base; path = Base.lproj/LaunchScreen.storyboard; sourceTree = "<group>"; };
		D02FD6E52468B42800877C67 /* Info.plist */ = {isa = PBXFileReference; lastKnownFileType = text.plist.xml; path = Info.plist; sourceTree = "<group>"; };
		D02FD6ED2469FE0800877C67 /* Meme.swift */ = {isa = PBXFileReference; lastKnownFileType = sourcecode.swift; path = Meme.swift; sourceTree = "<group>"; };
		D07088FD246DFDAB0026C8F7 /* MemeTableViewController.swift */ = {isa = PBXFileReference; lastKnownFileType = sourcecode.swift; path = MemeTableViewController.swift; sourceTree = "<group>"; };
		D07088FF246E028C0026C8F7 /* MemeTableViewCell.swift */ = {isa = PBXFileReference; lastKnownFileType = sourcecode.swift; path = MemeTableViewCell.swift; sourceTree = "<group>"; };
		D0FE9818246F276B00736E49 /* MemeCollectionViewController.swift */ = {isa = PBXFileReference; lastKnownFileType = sourcecode.swift; path = MemeCollectionViewController.swift; sourceTree = "<group>"; };
		D0FE981A246F278F00736E49 /* MemeCollectionViewCell.swift */ = {isa = PBXFileReference; lastKnownFileType = sourcecode.swift; path = MemeCollectionViewCell.swift; sourceTree = "<group>"; };
		D0FE981E24706B0A00736E49 /* DetailsViewController.swift */ = {isa = PBXFileReference; lastKnownFileType = sourcecode.swift; path = DetailsViewController.swift; sourceTree = "<group>"; };
/* End PBXFileReference section */

/* Begin PBXFrameworksBuildPhase section */
		D02FD6D12468B42600877C67 /* Frameworks */ = {
			isa = PBXFrameworksBuildPhase;
			buildActionMask = 2147483647;
			files = (
			);
			runOnlyForDeploymentPostprocessing = 0;
		};
/* End PBXFrameworksBuildPhase section */

/* Begin PBXGroup section */
		D02FD6CB2468B42600877C67 = {
			isa = PBXGroup;
			children = (
				D02FD6D62468B42600877C67 /* MemeMe */,
				D02FD6D52468B42600877C67 /* Products */,
			);
			sourceTree = "<group>";
		};
		D02FD6D52468B42600877C67 /* Products */ = {
			isa = PBXGroup;
			children = (
				D02FD6D42468B42600877C67 /* MemeMe.app */,
			);
			name = Products;
			sourceTree = "<group>";
		};
		D02FD6D62468B42600877C67 /* MemeMe */ = {
			isa = PBXGroup;
			children = (
				D02FD6D72468B42600877C67 /* AppDelegate.swift */,
				D02FD6D92468B42600877C67 /* SceneDelegate.swift */,
				D02FD6DB2468B42600877C67 /* MemeEditorViewController.swift */,
				D02FD6DD2468B42600877C67 /* Main.storyboard */,
				D02FD6E02468B42800877C67 /* Assets.xcassets */,
				D02FD6E22468B42800877C67 /* LaunchScreen.storyboard */,
				D02FD6E52468B42800877C67 /* Info.plist */,
				D02FD6ED2469FE0800877C67 /* Meme.swift */,
				D07088FD246DFDAB0026C8F7 /* MemeTableViewController.swift */,
				D07088FF246E028C0026C8F7 /* MemeTableViewCell.swift */,
				D0FE9818246F276B00736E49 /* MemeCollectionViewController.swift */,
				D0FE981A246F278F00736E49 /* MemeCollectionViewCell.swift */,
				D0FE981E24706B0A00736E49 /* DetailsViewController.swift */,
			);
			path = MemeMe;
			sourceTree = "<group>";
		};
/* End PBXGroup section */

/* Begin PBXNativeTarget section */
		D02FD6D32468B42600877C67 /* MemeMe */ = {
			isa = PBXNativeTarget;
			buildConfigurationList = D02FD6E82468B42800877C67 /* Build configuration list for PBXNativeTarget "MemeMe" */;
			buildPhases = (
				D02FD6D02468B42600877C67 /* Sources */,
				D02FD6D12468B42600877C67 /* Frameworks */,
				D02FD6D22468B42600877C67 /* Resources */,
			);
			buildRules = (
			);
			dependencies = (
			);
			name = MemeMe;
			productName = MemeMe;
			productReference = D02FD6D42468B42600877C67 /* MemeMe.app */;
			productType = "com.apple.product-type.application";
		};
/* End PBXNativeTarget section */

/* Begin PBXProject section */
		D02FD6CC2468B42600877C67 /* Project object */ = {
			isa = PBXProject;
			attributes = {
				LastSwiftUpdateCheck = 1140;
				LastUpgradeCheck = 1140;
				ORGANIZATIONNAME = "Ischuk Alexander";
				TargetAttributes = {
					D02FD6D32468B42600877C67 = {
						CreatedOnToolsVersion = 11.4.1;
					};
				};
			};
			buildConfigurationList = D02FD6CF2468B42600877C67 /* Build configuration list for PBXProject "MemeMe" */;
			compatibilityVersion = "Xcode 9.3";
			developmentRegion = en;
			hasScannedForEncodings = 0;
			knownRegions = (
				en,
				Base,
			);
			mainGroup = D02FD6CB2468B42600877C67;
			productRefGroup = D02FD6D52468B42600877C67 /* Products */;
			projectDirPath = "";
			projectRoot = "";
			targets = (
				D02FD6D32468B42600877C67 /* MemeMe */,
			);
		};
/* End PBXProject section */

/* Begin PBXResourcesBuildPhase section */
		D02FD6D22468B42600877C67 /* Resources */ = {
			isa = PBXResourcesBuildPhase;
			buildActionMask = 2147483647;
			files = (
				D02FD6E42468B42800877C67 /* LaunchScreen.storyboard in Resources */,
				D02FD6E12468B42800877C67 /* Assets.xcassets in Resources */,
				D02FD6DF2468B42600877C67 /* Main.storyboard in Resources */,
			);
			runOnlyForDeploymentPostprocessing = 0;
		};
/* End PBXResourcesBuildPhase section */

/* Begin PBXSourcesBuildPhase section */
		D02FD6D02468B42600877C67 /* Sources */ = {
			isa = PBXSourcesBuildPhase;
			buildActionMask = 2147483647;
			files = (
				D02FD6DC2468B42600877C67 /* MemeEditorViewController.swift in Sources */,
				D02FD6EE2469FE0800877C67 /* Meme.swift in Sources */,
				D0FE981F24706B0A00736E49 /* DetailsViewController.swift in Sources */,
				D0FE981B246F278F00736E49 /* MemeCollectionViewCell.swift in Sources */,
				D02FD6D82468B42600877C67 /* AppDelegate.swift in Sources */,
				D0708900246E028C0026C8F7 /* MemeTableViewCell.swift in Sources */,
				D0FE9819246F276B00736E49 /* MemeCollectionViewController.swift in Sources */,
				D07088FE246DFDAB0026C8F7 /* MemeTableViewController.swift in Sources */,
				D02FD6DA2468B42600877C67 /* SceneDelegate.swift in Sources */,
			);
			runOnlyForDeploymentPostprocessing = 0;
		};
/* End PBXSourcesBuildPhase section */

/* Begin PBXVariantGroup section */
		D02FD6DD2468B42600877C67 /* Main.storyboard */ = {
			isa = PBXVariantGroup;
			children = (
				D02FD6DE2468B42600877C67 /* Base */,
			);
			name = Main.storyboard;
			sourceTree = "<group>";
		};
		D02FD6E22468B42800877C67 /* LaunchScreen.storyboard */ = {
			isa = PBXVariantGroup;
			children = (
				D02FD6E32468B42800877C67 /* Base */,
			);
			name = LaunchScreen.storyboard;
			sourceTree = "<group>";
		};
/* End PBXVariantGroup section */

/* Begin XCBuildConfiguration section */
		D02FD6E62468B42800877C67 /* Debug */ = {
			isa = XCBuildConfiguration;
			buildSettings = {
				ALWAYS_SEARCH_USER_PATHS = NO;
				CLANG_ANALYZER_NONNULL = YES;
				CLANG_ANALYZER_NUMBER_OBJECT_CONVERSION = YES_AGGRESSIVE;
				CLANG_CXX_LANGUAGE_STANDARD = "gnu++14";
				CLANG_CXX_LIBRARY = "libc++";
				CLANG_ENABLE_MODULES = YES;
				CLANG_ENABLE_OBJC_ARC = YES;
				CLANG_ENABLE_OBJC_WEAK = YES;
				CLANG_WARN_BLOCK_CAPTURE_AUTORELEASING = YES;
				CLANG_WARN_BOOL_CONVERSION = YES;
				CLANG_WARN_COMMA = YES;
				CLANG_WARN_CONSTANT_CONVERSION = YES;
				CLANG_WARN_DEPRECATED_OBJC_IMPLEMENTATIONS = YES;
				CLANG_WARN_DIRECT_OBJC_ISA_USAGE = YES_ERROR;
				CLANG_WARN_DOCUMENTATION_COMMENTS = YES;
				CLANG_WARN_EMPTY_BODY = YES;
				CLANG_WARN_ENUM_CONVERSION = YES;
				CLANG_WARN_INFINITE_RECURSION = YES;
				CLANG_WARN_INT_CONVERSION = YES;
				CLANG_WARN_NON_LITERAL_NULL_CONVERSION = YES;
				CLANG_WARN_OBJC_IMPLICIT_RETAIN_SELF = YES;
				CLANG_WARN_OBJC_LITERAL_CONVERSION = YES;
				CLANG_WARN_OBJC_ROOT_CLASS = YES_ERROR;
				CLANG_WARN_RANGE_LOOP_ANALYSIS = YES;
				CLANG_WARN_STRICT_PROTOTYPES = YES;
				CLANG_WARN_SUSPICIOUS_MOVE = YES;
				CLANG_WARN_UNGUARDED_AVAILABILITY = YES_AGGRESSIVE;
				CLANG_WARN_UNREACHABLE_CODE = YES;
				CLANG_WARN__DUPLICATE_METHOD_MATCH = YES;
				COPY_PHASE_STRIP = NO;
				DEBUG_INFORMATION_FORMAT = dwarf;
				ENABLE_STRICT_OBJC_MSGSEND = YES;
				ENABLE_TESTABILITY = YES;
				GCC_C_LANGUAGE_STANDARD = gnu11;
				GCC_DYNAMIC_NO_PIC = NO;
				GCC_NO_COMMON_BLOCKS = YES;
				GCC_OPTIMIZATION_LEVEL = 0;
				GCC_PREPROCESSOR_DEFINITIONS = (
					"DEBUG=1",
					"$(inherited)",
				);
				GCC_WARN_64_TO_32_BIT_CONVERSION = YES;
				GCC_WARN_ABOUT_RETURN_TYPE = YES_ERROR;
				GCC_WARN_UNDECLARED_SELECTOR = YES;
				GCC_WARN_UNINITIALIZED_AUTOS = YES_AGGRESSIVE;
				GCC_WARN_UNUSED_FUNCTION = YES;
				GCC_WARN_UNUSED_VARIABLE = YES;
				IPHONEOS_DEPLOYMENT_TARGET = 13.4;
				MTL_ENABLE_DEBUG_INFO = INCLUDE_SOURCE;
				MTL_FAST_MATH = YES;
				ONLY_ACTIVE_ARCH = YES;
				SDKROOT = iphoneos;
				SWIFT_ACTIVE_COMPILATION_CONDITIONS = DEBUG;
				SWIFT_OPTIMIZATION_LEVEL = "-Onone";
			};
			name = Debug;
		};
		D02FD6E72468B42800877C67 /* Release */ = {
			isa = XCBuildConfiguration;
			buildSettings = {
				ALWAYS_SEARCH_USER_PATHS = NO;
				CLANG_ANALYZER_NONNULL = YES;
				CLANG_ANALYZER_NUMBER_OBJECT_CONVERSION = YES_AGGRESSIVE;
				CLANG_CXX_LANGUAGE_STANDARD = "gnu++14";
				CLANG_CXX_LIBRARY = "libc++";
				CLANG_ENABLE_MODULES = YES;
				CLANG_ENABLE_OBJC_ARC = YES;
				CLANG_ENABLE_OBJC_WEAK = YES;
				CLANG_WARN_BLOCK_CAPTURE_AUTORELEASING = YES;
				CLANG_WARN_BOOL_CONVERSION = YES;
				CLANG_WARN_COMMA = YES;
				CLANG_WARN_CONSTANT_CONVERSION = YES;
				CLANG_WARN_DEPRECATED_OBJC_IMPLEMENTATIONS = YES;
				CLANG_WARN_DIRECT_OBJC_ISA_USAGE = YES_ERROR;
				CLANG_WARN_DOCUMENTATION_COMMENTS = YES;
				CLANG_WARN_EMPTY_BODY = YES;
				CLANG_WARN_ENUM_CONVERSION = YES;
				CLANG_WARN_INFINITE_RECURSION = YES;
				CLANG_WARN_INT_CONVERSION = YES;
				CLANG_WARN_NON_LITERAL_NULL_CONVERSION = YES;
				CLANG_WARN_OBJC_IMPLICIT_RETAIN_SELF = YES;
				CLANG_WARN_OBJC_LITERAL_CONVERSION = YES;
				CLANG_WARN_OBJC_ROOT_CLASS = YES_ERROR;
				CLANG_WARN_RANGE_LOOP_ANALYSIS = YES;
				CLANG_WARN_STRICT_PROTOTYPES = YES;
				CLANG_WARN_SUSPICIOUS_MOVE = YES;
				CLANG_WARN_UNGUARDED_AVAILABILITY = YES_AGGRESSIVE;
				CLANG_WARN_UNREACHABLE_CODE = YES;
				CLANG_WARN__DUPLICATE_METHOD_MATCH = YES;
				COPY_PHASE_STRIP = NO;
				DEBUG_INFORMATION_FORMAT = "dwarf-with-dsym";
				ENABLE_NS_ASSERTIONS = NO;
				ENABLE_STRICT_OBJC_MSGSEND = YES;
				GCC_C_LANGUAGE_STANDARD = gnu11;
				GCC_NO_COMMON_BLOCKS = YES;
				GCC_WARN_64_TO_32_BIT_CONVERSION = YES;
				GCC_WARN_ABOUT_RETURN_TYPE = YES_ERROR;
				GCC_WARN_UNDECLARED_SELECTOR = YES;
				GCC_WARN_UNINITIALIZED_AUTOS = YES_AGGRESSIVE;
				GCC_WARN_UNUSED_FUNCTION = YES;
				GCC_WARN_UNUSED_VARIABLE = YES;
				IPHONEOS_DEPLOYMENT_TARGET = 13.4;
				MTL_ENABLE_DEBUG_INFO = NO;
				MTL_FAST_MATH = YES;
				SDKROOT = iphoneos;
				SWIFT_COMPILATION_MODE = wholemodule;
				SWIFT_OPTIMIZATION_LEVEL = "-O";
				VALIDATE_PRODUCT = YES;
			};
			name = Release;
		};
		D02FD6E92468B42800877C67 /* Debug */ = {
			isa = XCBuildConfiguration;
			buildSettings = {
				ASSETCATALOG_COMPILER_APPICON_NAME = AppIcon;
				CODE_SIGN_STYLE = Automatic;
				INFOPLIST_FILE = MemeMe/Info.plist;
				LD_RUNPATH_SEARCH_PATHS = (
					"$(inherited)",
					"@executable_path/Frameworks",
				);
				PRODUCT_BUNDLE_IDENTIFIER = aiico.MemeMe;
				PRODUCT_NAME = "$(TARGET_NAME)";
				SWIFT_VERSION = 5.0;
				TARGETED_DEVICE_FAMILY = "1,2";
			};
			name = Debug;
		};
		D02FD6EA2468B42800877C67 /* Release */ = {
			isa = XCBuildConfiguration;
			buildSettings = {
				ASSETCATALOG_COMPILER_APPICON_NAME = AppIcon;
				CODE_SIGN_STYLE = Automatic;
				INFOPLIST_FILE = MemeMe/Info.plist;
				LD_RUNPATH_SEARCH_PATHS = (
					"$(inherited)",
					"@executable_path/Frameworks",
				);
				PRODUCT_BUNDLE_IDENTIFIER = aiico.MemeMe;
				PRODUCT_NAME = "$(TARGET_NAME)";
				SWIFT_VERSION = 5.0;
				TARGETED_DEVICE_FAMILY = "1,2";
			};
			name = Release;
		};
/* End XCBuildConfiguration section */

/* Begin XCConfigurationList section */
		D02FD6CF2468B42600877C67 /* Build configuration list for PBXProject "MemeMe" */ = {
			isa = XCConfigurationList;
			buildConfigurations = (
				D02FD6E62468B42800877C67 /* Debug */,
				D02FD6E72468B42800877C67 /* Release */,
			);
			defaultConfigurationIsVisible = 0;
			defaultConfigurationName = Release;
		};
		D02FD6E82468B42800877C67 /* Build configuration list for PBXNativeTarget "MemeMe" */ = {
			isa = XCConfigurationList;
			buildConfigurations = (
				D02FD6E92468B42800877C67 /* Debug */,
				D02FD6EA2468B42800877C67 /* Release */,
			);
			defaultConfigurationIsVisible = 0;
			defaultConfigurationName = Release;
		};
/* End XCConfigurationList section */
	};
	rootObject = D02FD6CC2468B42600877C67 /* Project object */;
}
